{
  "originHash" : "2aecbcd1b9c51607cc0e620cfdb60dc19138fba98bdbbf06c16c16a0ad1eb884",
  "pins" : [
    {
      "identity" : "alamofire",
      "kind" : "remoteSourceControl",
      "location" : "https://github.com/Alamofire/Alamofire",
      "state" : {
        "revision" : "513364f870f6bfc468f9d2ff0a95caccc10044c5",
        "version" : "5.10.2"
      }
    },
    {
      "identity" : "signalr-client-swift",
      "kind" : "remoteSourceControl",
      "location" : "https://github.com/moozzyk/SignalR-Client-Swift",
      "state" : {
        "revision" : "ca47dff73d1b1c44fd357cda93a0e62606b96166",
        "version" : "1.2.0"
      }
    }
  ],
  "version" : 3
}
